
Microsoft Visual Studio Solution File, Format Version 12.00
# Visual Studio 15
VisualStudioVersion = 15.0.27428.2027
MinimumVisualStudioVersion = 10.0.40219.1
Project("{FAE04EC0-301F-11D3-BF4B-00C04F79EFBC}") = "Quest2", "Quest2\Quest2.csproj", "{ED15DBA2-895D-4CE3-B703-C887AEFB3B4E}"
EndProject
Global
	GlobalSection(SolutionConfigurationPlatforms) = preSolution
		Debug|Any CPU = Debug|Any CPU
		Release|Any CPU = Release|Any CPU
	EndGlobalSection
	GlobalSection(ProjectConfigurationPlatforms) = postSolution
		{ED15DBA2-895D-4CE3-B703-C887AEFB3B4E}.Debug|Any CPU.ActiveCfg = Debug|Any CPU
		{ED15DBA2-895D-4CE3-B703-C887AEFB3B4E}.Debug|Any CPU.Build.0 = Debug|Any CPU
		{ED15DBA2-895D-4CE3-B703-C887AEFB3B4E}.Release|Any CPU.ActiveCfg = Release|Any CPU
		{ED15DBA2-895D-4CE3-B703-C887AEFB3B4E}.Release|Any CPU.Build.0 = Release|Any CPU
	EndGlobalSection
	GlobalSection(SolutionProperties) = preSolution
		HideSolutionNode = FALSE
	EndGlobalSection
	GlobalSection(ExtensibilityGlobals) = postSolution
		SolutionGuid = {5B7ABF9B-82DB-4EDE-9986-E4B3B50900C0}
	EndGlobalSection
EndGlobal
