
Microsoft Visual Studio Solution File, Format Version 12.00
# Visual Studio 15
VisualStudioVersion = 15.0.27428.2027
MinimumVisualStudioVersion = 10.0.40219.1
Project("{FAE04EC0-301F-11D3-BF4B-00C04F79EFBC}") = "testejogodavelha", "testejogodavelha\testejogodavelha.csproj", "{8BBCF336-F678-4E57-AA50-297E650502C7}"
EndProject
Global
	GlobalSection(SolutionConfigurationPlatforms) = preSolution
		Debug|Any CPU = Debug|Any CPU
		Release|Any CPU = Release|Any CPU
	EndGlobalSection
	GlobalSection(ProjectConfigurationPlatforms) = postSolution
		{8BBCF336-F678-4E57-AA50-297E650502C7}.Debug|Any CPU.ActiveCfg = Debug|Any CPU
		{8BBCF336-F678-4E57-AA50-297E650502C7}.Debug|Any CPU.Build.0 = Debug|Any CPU
		{8BBCF336-F678-4E57-AA50-297E650502C7}.Release|Any CPU.ActiveCfg = Release|Any CPU
		{8BBCF336-F678-4E57-AA50-297E650502C7}.Release|Any CPU.Build.0 = Release|Any CPU
	EndGlobalSection
	GlobalSection(SolutionProperties) = preSolution
		HideSolutionNode = FALSE
	EndGlobalSection
	GlobalSection(ExtensibilityGlobals) = postSolution
		SolutionGuid = {8FD500CF-443A-4C8C-9432-D27E51DCD255}
	EndGlobalSection
EndGlobal
