
Microsoft Visual Studio Solution File, Format Version 12.00
# Visual Studio 15
VisualStudioVersion = 15.0.27428.2027
MinimumVisualStudioVersion = 10.0.40219.1
Project("{FAE04EC0-301F-11D3-BF4B-00C04F79EFBC}") = "Quest6", "Quest6\Quest6.csproj", "{887CE7DF-6A93-4E0B-BF34-FC7FD2F50D31}"
EndProject
Global
	GlobalSection(SolutionConfigurationPlatforms) = preSolution
		Debug|Any CPU = Debug|Any CPU
		Release|Any CPU = Release|Any CPU
	EndGlobalSection
	GlobalSection(ProjectConfigurationPlatforms) = postSolution
		{887CE7DF-6A93-4E0B-BF34-FC7FD2F50D31}.Debug|Any CPU.ActiveCfg = Debug|Any CPU
		{887CE7DF-6A93-4E0B-BF34-FC7FD2F50D31}.Debug|Any CPU.Build.0 = Debug|Any CPU
		{887CE7DF-6A93-4E0B-BF34-FC7FD2F50D31}.Release|Any CPU.ActiveCfg = Release|Any CPU
		{887CE7DF-6A93-4E0B-BF34-FC7FD2F50D31}.Release|Any CPU.Build.0 = Release|Any CPU
	EndGlobalSection
	GlobalSection(SolutionProperties) = preSolution
		HideSolutionNode = FALSE
	EndGlobalSection
	GlobalSection(ExtensibilityGlobals) = postSolution
		SolutionGuid = {81D97604-B392-40B6-8B30-EB2618C5248B}
	EndGlobalSection
EndGlobal
